
Microsoft Visual Studio Solution File, Format Version 12.00
# Visual Studio Version 17
VisualStudioVersion = 17.11.35303.130
MinimumVisualStudioVersion = 10.0.40219.1
Project("{2150E333-8FDC-42A3-9474-1A3956D46DE8}") = "Task0", "Task0", "{02B618F8-0286-41CD-BC10-39B811F61345}"
EndProject
Project("{9A19103F-16F7-4668-BE54-9A1E7A4F7556}") = "Tyuiu.ArapovTY.Sprint4.Task0.V2", "Tyuiu.ArapovTY.Sprint4.Task0.V2\Tyuiu.ArapovTY.Sprint4.Task0.V2.csproj", "{FEC7BADF-EA36-4AEE-9258-68E3D625D64B}"
EndProject
Project("{9A19103F-16F7-4668-BE54-9A1E7A4F7556}") = "Tyuiu.ArapovTY.Sprint4.Task0.V2.Lib", "Tyuiu.ArapovTY.Sprint4.Task0.V2.Lib\Tyuiu.ArapovTY.Sprint4.Task0.V2.Lib.csproj", "{0D2C402D-A03C-4FF9-8DC3-38CF1C5D58EA}"
EndProject
Project("{9A19103F-16F7-4668-BE54-9A1E7A4F7556}") = "Tyuiu.ArapovTY.Sprint4.Task0.V2.Test", "Tyuiu.ArapovTY.Sprint4.Task0.V2.Test\Tyuiu.ArapovTY.Sprint4.Task0.V2.Test.csproj", "{61FC8DBB-0715-4247-AEB2-E923A59E17EA}"
EndProject
Project("{2150E333-8FDC-42A3-9474-1A3956D46DE8}") = "Task1", "Task1", "{FD9B49FF-25DE-4FF7-B365-1D029C1A3738}"
EndProject
Project("{9A19103F-16F7-4668-BE54-9A1E7A4F7556}") = "Tyuiu.ArapovTY.Sprint4.Task1.V3", "Tyuiu.ArapovTY.Sprint4.Task1.V3\Tyuiu.ArapovTY.Sprint4.Task1.V3.csproj", "{33E83FE5-8AEF-476B-A2AF-EC7360301FF9}"
EndProject
Project("{9A19103F-16F7-4668-BE54-9A1E7A4F7556}") = "Tyuiu.ArapovTY.Sprint4.Task1.V3.Lib", "Tyuiu.ArapovTY.Sprint4.Task1.V3.Lib\Tyuiu.ArapovTY.Sprint4.Task1.V3.Lib.csproj", "{B5647702-60B1-488A-9862-F98AB0312316}"
EndProject
Project("{9A19103F-16F7-4668-BE54-9A1E7A4F7556}") = "Tyuiu.ArapovTY.Sprint4.Task1.V3.Test", "Tyuiu.ArapovTY.Sprint4.Task1.V3.Test\Tyuiu.ArapovTY.Sprint4.Task1.V3.Test.csproj", "{4EE62BF9-CED1-4C5D-BB6D-09009336D3F9}"
EndProject
Project("{2150E333-8FDC-42A3-9474-1A3956D46DE8}") = "Task2", "Task2", "{91C1A876-D01B-4B7A-BC04-285C95026C37}"
EndProject
Project("{9A19103F-16F7-4668-BE54-9A1E7A4F7556}") = "Tyuiu.ArapovTY.Sprint4.Task2.V10", "Tyuiu.ArapovTY.Sprint4.Task2.V10\Tyuiu.ArapovTY.Sprint4.Task2.V10.csproj", "{94BC39AC-D0BA-4155-B19D-E2F3663801A9}"
EndProject
Project("{9A19103F-16F7-4668-BE54-9A1E7A4F7556}") = "Tyuiu.ArapovTY.Sprint4.Task2.V10.Lib", "Tyuiu.ArapovTY.Sprint4.Task2.V10.Lib\Tyuiu.ArapovTY.Sprint4.Task2.V10.Lib.csproj", "{7B7E593B-4124-4534-B045-1678D7DBBE30}"
EndProject
Project("{9A19103F-16F7-4668-BE54-9A1E7A4F7556}") = "Tyuiu.ArapovTY.Sprint4.Task2.V10.Test", "Tyuiu.ArapovTY.Sprint4.Task2.V10.Test\Tyuiu.ArapovTY.Sprint4.Task2.V10.Test.csproj", "{D68083E0-C29C-4C58-916B-A43CCE0D9A0E}"
EndProject
Project("{2150E333-8FDC-42A3-9474-1A3956D46DE8}") = "Task3", "Task3", "{18E17D4B-BDA2-4F26-87F5-2D84C39660C3}"
EndProject
Project("{FAE04EC0-301F-11D3-BF4B-00C04F79EFBC}") = "Tyuiu.ArapovTY.Sprint4.Task3.V17", "Tyuiu.ArapovTY.Sprint4.Task3.V17\Tyuiu.ArapovTY.Sprint4.Task3.V17.csproj", "{5C7FE915-36ED-4917-AB8F-FAFB5150A26A}"
EndProject
Project("{FAE04EC0-301F-11D3-BF4B-00C04F79EFBC}") = "Tyuiu.ArapovTY.Sprint4.Task3.V17.Lib", "Tyuiu.ArapovTY.Sprint4.Task3.V17.Lib\Tyuiu.ArapovTY.Sprint4.Task3.V17.Lib.csproj", "{7E459C7B-0DBD-4600-AC27-16BBC842DC1C}"
EndProject
Project("{FAE04EC0-301F-11D3-BF4B-00C04F79EFBC}") = "Tyuiu.ArapovTY.Sprint4.Task3.V17.Test", "Tyuiu.ArapovTY.Sprint4.Task3.V17.Test\Tyuiu.ArapovTY.Sprint4.Task3.V17.Test.csproj", "{9C6E8C83-0984-4C56-ABD5-A8515F2ADB2A}"
EndProject
Global
	GlobalSection(SolutionConfigurationPlatforms) = preSolution
		Debug|Any CPU = Debug|Any CPU
		Release|Any CPU = Release|Any CPU
	EndGlobalSection
	GlobalSection(ProjectConfigurationPlatforms) = postSolution
		{FEC7BADF-EA36-4AEE-9258-68E3D625D64B}.Debug|Any CPU.ActiveCfg = Debug|Any CPU
		{FEC7BADF-EA36-4AEE-9258-68E3D625D64B}.Debug|Any CPU.Build.0 = Debug|Any CPU
		{FEC7BADF-EA36-4AEE-9258-68E3D625D64B}.Release|Any CPU.ActiveCfg = Release|Any CPU
		{FEC7BADF-EA36-4AEE-9258-68E3D625D64B}.Release|Any CPU.Build.0 = Release|Any CPU
		{0D2C402D-A03C-4FF9-8DC3-38CF1C5D58EA}.Debug|Any CPU.ActiveCfg = Debug|Any CPU
		{0D2C402D-A03C-4FF9-8DC3-38CF1C5D58EA}.Debug|Any CPU.Build.0 = Debug|Any CPU
		{0D2C402D-A03C-4FF9-8DC3-38CF1C5D58EA}.Release|Any CPU.ActiveCfg = Release|Any CPU
		{0D2C402D-A03C-4FF9-8DC3-38CF1C5D58EA}.Release|Any CPU.Build.0 = Release|Any CPU
		{61FC8DBB-0715-4247-AEB2-E923A59E17EA}.Debug|Any CPU.ActiveCfg = Debug|Any CPU
		{61FC8DBB-0715-4247-AEB2-E923A59E17EA}.Debug|Any CPU.Build.0 = Debug|Any CPU
		{61FC8DBB-0715-4247-AEB2-E923A59E17EA}.Release|Any CPU.ActiveCfg = Release|Any CPU
		{61FC8DBB-0715-4247-AEB2-E923A59E17EA}.Release|Any CPU.Build.0 = Release|Any CPU
		{33E83FE5-8AEF-476B-A2AF-EC7360301FF9}.Debug|Any CPU.ActiveCfg = Debug|Any CPU
		{33E83FE5-8AEF-476B-A2AF-EC7360301FF9}.Debug|Any CPU.Build.0 = Debug|Any CPU
		{33E83FE5-8AEF-476B-A2AF-EC7360301FF9}.Release|Any CPU.ActiveCfg = Release|Any CPU
		{33E83FE5-8AEF-476B-A2AF-EC7360301FF9}.Release|Any CPU.Build.0 = Release|Any CPU
		{B5647702-60B1-488A-9862-F98AB0312316}.Debug|Any CPU.ActiveCfg = Debug|Any CPU
		{B5647702-60B1-488A-9862-F98AB0312316}.Debug|Any CPU.Build.0 = Debug|Any CPU
		{B5647702-60B1-488A-9862-F98AB0312316}.Release|Any CPU.ActiveCfg = Release|Any CPU
		{B5647702-60B1-488A-9862-F98AB0312316}.Release|Any CPU.Build.0 = Release|Any CPU
		{4EE62BF9-CED1-4C5D-BB6D-09009336D3F9}.Debug|Any CPU.ActiveCfg = Debug|Any CPU
		{4EE62BF9-CED1-4C5D-BB6D-09009336D3F9}.Debug|Any CPU.Build.0 = Debug|Any CPU
		{4EE62BF9-CED1-4C5D-BB6D-09009336D3F9}.Release|Any CPU.ActiveCfg = Release|Any CPU
		{4EE62BF9-CED1-4C5D-BB6D-09009336D3F9}.Release|Any CPU.Build.0 = Release|Any CPU
		{94BC39AC-D0BA-4155-B19D-E2F3663801A9}.Debug|Any CPU.ActiveCfg = Debug|Any CPU
		{94BC39AC-D0BA-4155-B19D-E2F3663801A9}.Debug|Any CPU.Build.0 = Debug|Any CPU
		{94BC39AC-D0BA-4155-B19D-E2F3663801A9}.Release|Any CPU.ActiveCfg = Release|Any CPU
		{94BC39AC-D0BA-4155-B19D-E2F3663801A9}.Release|Any CPU.Build.0 = Release|Any CPU
		{7B7E593B-4124-4534-B045-1678D7DBBE30}.Debug|Any CPU.ActiveCfg = Debug|Any CPU
		{7B7E593B-4124-4534-B045-1678D7DBBE30}.Debug|Any CPU.Build.0 = Debug|Any CPU
		{7B7E593B-4124-4534-B045-1678D7DBBE30}.Release|Any CPU.ActiveCfg = Release|Any CPU
		{7B7E593B-4124-4534-B045-1678D7DBBE30}.Release|Any CPU.Build.0 = Release|Any CPU
		{D68083E0-C29C-4C58-916B-A43CCE0D9A0E}.Debug|Any CPU.ActiveCfg = Debug|Any CPU
		{D68083E0-C29C-4C58-916B-A43CCE0D9A0E}.Debug|Any CPU.Build.0 = Debug|Any CPU
		{D68083E0-C29C-4C58-916B-A43CCE0D9A0E}.Release|Any CPU.ActiveCfg = Release|Any CPU
		{D68083E0-C29C-4C58-916B-A43CCE0D9A0E}.Release|Any CPU.Build.0 = Release|Any CPU
		{5C7FE915-36ED-4917-AB8F-FAFB5150A26A}.Debug|Any CPU.ActiveCfg = Debug|Any CPU
		{5C7FE915-36ED-4917-AB8F-FAFB5150A26A}.Debug|Any CPU.Build.0 = Debug|Any CPU
		{5C7FE915-36ED-4917-AB8F-FAFB5150A26A}.Release|Any CPU.ActiveCfg = Release|Any CPU
		{5C7FE915-36ED-4917-AB8F-FAFB5150A26A}.Release|Any CPU.Build.0 = Release|Any CPU
		{7E459C7B-0DBD-4600-AC27-16BBC842DC1C}.Debug|Any CPU.ActiveCfg = Debug|Any CPU
		{7E459C7B-0DBD-4600-AC27-16BBC842DC1C}.Debug|Any CPU.Build.0 = Debug|Any CPU
		{7E459C7B-0DBD-4600-AC27-16BBC842DC1C}.Release|Any CPU.ActiveCfg = Release|Any CPU
		{7E459C7B-0DBD-4600-AC27-16BBC842DC1C}.Release|Any CPU.Build.0 = Release|Any CPU
		{9C6E8C83-0984-4C56-ABD5-A8515F2ADB2A}.Debug|Any CPU.ActiveCfg = Debug|Any CPU
		{9C6E8C83-0984-4C56-ABD5-A8515F2ADB2A}.Debug|Any CPU.Build.0 = Debug|Any CPU
		{9C6E8C83-0984-4C56-ABD5-A8515F2ADB2A}.Release|Any CPU.ActiveCfg = Release|Any CPU
		{9C6E8C83-0984-4C56-ABD5-A8515F2ADB2A}.Release|Any CPU.Build.0 = Release|Any CPU
	EndGlobalSection
	GlobalSection(SolutionProperties) = preSolution
		HideSolutionNode = FALSE
	EndGlobalSection
	GlobalSection(NestedProjects) = preSolution
		{FEC7BADF-EA36-4AEE-9258-68E3D625D64B} = {02B618F8-0286-41CD-BC10-39B811F61345}
		{0D2C402D-A03C-4FF9-8DC3-38CF1C5D58EA} = {02B618F8-0286-41CD-BC10-39B811F61345}
		{61FC8DBB-0715-4247-AEB2-E923A59E17EA} = {02B618F8-0286-41CD-BC10-39B811F61345}
		{33E83FE5-8AEF-476B-A2AF-EC7360301FF9} = {FD9B49FF-25DE-4FF7-B365-1D029C1A3738}
		{B5647702-60B1-488A-9862-F98AB0312316} = {FD9B49FF-25DE-4FF7-B365-1D029C1A3738}
		{4EE62BF9-CED1-4C5D-BB6D-09009336D3F9} = {FD9B49FF-25DE-4FF7-B365-1D029C1A3738}
		{94BC39AC-D0BA-4155-B19D-E2F3663801A9} = {91C1A876-D01B-4B7A-BC04-285C95026C37}
		{7B7E593B-4124-4534-B045-1678D7DBBE30} = {91C1A876-D01B-4B7A-BC04-285C95026C37}
		{D68083E0-C29C-4C58-916B-A43CCE0D9A0E} = {91C1A876-D01B-4B7A-BC04-285C95026C37}
		{5C7FE915-36ED-4917-AB8F-FAFB5150A26A} = {18E17D4B-BDA2-4F26-87F5-2D84C39660C3}
		{7E459C7B-0DBD-4600-AC27-16BBC842DC1C} = {18E17D4B-BDA2-4F26-87F5-2D84C39660C3}
		{9C6E8C83-0984-4C56-ABD5-A8515F2ADB2A} = {18E17D4B-BDA2-4F26-87F5-2D84C39660C3}
	EndGlobalSection
	GlobalSection(ExtensibilityGlobals) = postSolution
		SolutionGuid = {A5F7D0B4-2AEA-42E6-A689-1760238FD872}
	EndGlobalSection
EndGlobal
